
Microsoft Visual Studio Solution File, Format Version 12.00
# Visual Studio Version 16
VisualStudioVersion = 16.0.30413.136
MinimumVisualStudioVersion = 10.0.40219.1
Project("{9A19103F-16F7-4668-BE54-9A1E7A4F7556}") = "HumJ.ProjectMosillo.WaveFileBuilder", "HumJ.ProjectMosillo.WaveFileBuilder\HumJ.ProjectMosillo.WaveFileBuilder.csproj", "{71000042-B7E3-4202-B554-D90C8DFD425E}"
EndProject
Project("{9A19103F-16F7-4668-BE54-9A1E7A4F7556}") = "NUnitTestProject", "NUnitTestProject\NUnitTestProject.csproj", "{757B9FD6-31FD-4154-B7D8-60571BA547D2}"
EndProject
Project("{FAE04EC0-301F-11D3-BF4B-00C04F79EFBC}") = "HumJ.ProjectMosillo.ImageReader", "HumJ.ProjectMosillo.ImageReader\HumJ.ProjectMosillo.ImageReader.csproj", "{65267972-0808-4C24-8129-44D15A5EB403}"
EndProject
Global
	GlobalSection(SolutionConfigurationPlatforms) = preSolution
		Debug|Any CPU = Debug|Any CPU
		Release|Any CPU = Release|Any CPU
	EndGlobalSection
	GlobalSection(ProjectConfigurationPlatforms) = postSolution
		{71000042-B7E3-4202-B554-D90C8DFD425E}.Debug|Any CPU.ActiveCfg = Debug|Any CPU
		{71000042-B7E3-4202-B554-D90C8DFD425E}.Debug|Any CPU.Build.0 = Debug|Any CPU
		{71000042-B7E3-4202-B554-D90C8DFD425E}.Release|Any CPU.ActiveCfg = Release|Any CPU
		{71000042-B7E3-4202-B554-D90C8DFD425E}.Release|Any CPU.Build.0 = Release|Any CPU
		{757B9FD6-31FD-4154-B7D8-60571BA547D2}.Debug|Any CPU.ActiveCfg = Debug|Any CPU
		{757B9FD6-31FD-4154-B7D8-60571BA547D2}.Debug|Any CPU.Build.0 = Debug|Any CPU
		{757B9FD6-31FD-4154-B7D8-60571BA547D2}.Release|Any CPU.ActiveCfg = Release|Any CPU
		{757B9FD6-31FD-4154-B7D8-60571BA547D2}.Release|Any CPU.Build.0 = Release|Any CPU
		{65267972-0808-4C24-8129-44D15A5EB403}.Debug|Any CPU.ActiveCfg = Debug|Any CPU
		{65267972-0808-4C24-8129-44D15A5EB403}.Debug|Any CPU.Build.0 = Debug|Any CPU
		{65267972-0808-4C24-8129-44D15A5EB403}.Release|Any CPU.ActiveCfg = Release|Any CPU
		{65267972-0808-4C24-8129-44D15A5EB403}.Release|Any CPU.Build.0 = Release|Any CPU
	EndGlobalSection
	GlobalSection(SolutionProperties) = preSolution
		HideSolutionNode = FALSE
	EndGlobalSection
	GlobalSection(ExtensibilityGlobals) = postSolution
		SolutionGuid = {706DE711-5F94-41AF-81D9-A62F6DFCC6DB}
	EndGlobalSection
EndGlobal
